
Microsoft Visual Studio Solution File, Format Version 12.00
# Visual Studio Version 17
VisualStudioVersion = 17.13.35818.85 d17.13
MinimumVisualStudioVersion = 10.0.40219.1
Project("{FAE04EC0-301F-11D3-BF4B-00C04F79EFBC}") = "RestauranteAPI", "RestauranteAPI\RestauranteAPI.csproj", "{84789E8C-E4F0-40FA-ACB9-C7BEC7439FCF}"
EndProject
Global
	GlobalSection(SolutionConfigurationPlatforms) = preSolution
		Debug|Any CPU = Debug|Any CPU
		Release|Any CPU = Release|Any CPU
	EndGlobalSection
	GlobalSection(ProjectConfigurationPlatforms) = postSolution
		{84789E8C-E4F0-40FA-ACB9-C7BEC7439FCF}.Debug|Any CPU.ActiveCfg = Debug|Any CPU
		{84789E8C-E4F0-40FA-ACB9-C7BEC7439FCF}.Debug|Any CPU.Build.0 = Debug|Any CPU
		{84789E8C-E4F0-40FA-ACB9-C7BEC7439FCF}.Release|Any CPU.ActiveCfg = Release|Any CPU
		{84789E8C-E4F0-40FA-ACB9-C7BEC7439FCF}.Release|Any CPU.Build.0 = Release|Any CPU
	EndGlobalSection
	GlobalSection(SolutionProperties) = preSolution
		HideSolutionNode = FALSE
	EndGlobalSection
	GlobalSection(ExtensibilityGlobals) = postSolution
		SolutionGuid = {99E47472-C0DC-4DC1-B510-D911D0AA50CD}
	EndGlobalSection
EndGlobal
